
Microsoft Visual Studio Solution File, Format Version 12.00
# Visual Studio Version 17
VisualStudioVersion = 17.9.34616.47
MinimumVisualStudioVersion = 10.0.40219.1
Project("{FAE04EC0-301F-11D3-BF4B-00C04F79EFBC}") = "Enigma", "Enigma\Enigma.csproj", "{4FED8AF1-75EC-4A12-95A9-50DC938940CF}"
EndProject
Global
	GlobalSection(SolutionConfigurationPlatforms) = preSolution
		Debug|Any CPU = Debug|Any CPU
		Release|Any CPU = Release|Any CPU
	EndGlobalSection
	GlobalSection(ProjectConfigurationPlatforms) = postSolution
		{4FED8AF1-75EC-4A12-95A9-50DC938940CF}.Debug|Any CPU.ActiveCfg = Debug|Any CPU
		{4FED8AF1-75EC-4A12-95A9-50DC938940CF}.Debug|Any CPU.Build.0 = Debug|Any CPU
		{4FED8AF1-75EC-4A12-95A9-50DC938940CF}.Release|Any CPU.ActiveCfg = Release|Any CPU
		{4FED8AF1-75EC-4A12-95A9-50DC938940CF}.Release|Any CPU.Build.0 = Release|Any CPU
	EndGlobalSection
	GlobalSection(SolutionProperties) = preSolution
		HideSolutionNode = FALSE
	EndGlobalSection
	GlobalSection(ExtensibilityGlobals) = postSolution
		SolutionGuid = {112CCF55-7F52-4046-9F73-816E6C4981EB}
	EndGlobalSection
EndGlobal
